
Microsoft Visual Studio Solution File, Format Version 12.00
# Visual Studio Version 16
VisualStudioVersion = 16.0.30717.126
MinimumVisualStudioVersion = 10.0.40219.1
Project("{9A19103F-16F7-4668-BE54-9A1E7A4F7556}") = "NotificationScheduler", "NotificationScheduler.csproj", "{A118F2EA-792B-47BB-B6D6-16A9E5C740AA}"
EndProject
Project("{FAE04EC0-301F-11D3-BF4B-00C04F79EFBC}") = "NotificationDataLibrary", "..\NotificationDataLibrary\NotificationDataLibrary.csproj", "{EF6E2CDE-3BC2-4979-A7B6-8BD1CC5BD5CC}"
EndProject
Project("{FAE04EC0-301F-11D3-BF4B-00C04F79EFBC}") = "NotificationBusiness", "..\NotificationBusiness\NotificationBusiness.csproj", "{29C0E5B8-76B0-4211-AC14-ED95AB703203}"
EndProject
Global
	GlobalSection(SolutionConfigurationPlatforms) = preSolution
		Debug|Any CPU = Debug|Any CPU
		Release|Any CPU = Release|Any CPU
	EndGlobalSection
	GlobalSection(ProjectConfigurationPlatforms) = postSolution
		{A118F2EA-792B-47BB-B6D6-16A9E5C740AA}.Debug|Any CPU.ActiveCfg = Debug|Any CPU
		{A118F2EA-792B-47BB-B6D6-16A9E5C740AA}.Debug|Any CPU.Build.0 = Debug|Any CPU
		{A118F2EA-792B-47BB-B6D6-16A9E5C740AA}.Release|Any CPU.ActiveCfg = Release|Any CPU
		{A118F2EA-792B-47BB-B6D6-16A9E5C740AA}.Release|Any CPU.Build.0 = Release|Any CPU
		{EF6E2CDE-3BC2-4979-A7B6-8BD1CC5BD5CC}.Debug|Any CPU.ActiveCfg = Debug|Any CPU
		{EF6E2CDE-3BC2-4979-A7B6-8BD1CC5BD5CC}.Debug|Any CPU.Build.0 = Debug|Any CPU
		{EF6E2CDE-3BC2-4979-A7B6-8BD1CC5BD5CC}.Release|Any CPU.ActiveCfg = Release|Any CPU
		{EF6E2CDE-3BC2-4979-A7B6-8BD1CC5BD5CC}.Release|Any CPU.Build.0 = Release|Any CPU
		{29C0E5B8-76B0-4211-AC14-ED95AB703203}.Debug|Any CPU.ActiveCfg = Debug|Any CPU
		{29C0E5B8-76B0-4211-AC14-ED95AB703203}.Debug|Any CPU.Build.0 = Debug|Any CPU
		{29C0E5B8-76B0-4211-AC14-ED95AB703203}.Release|Any CPU.ActiveCfg = Release|Any CPU
		{29C0E5B8-76B0-4211-AC14-ED95AB703203}.Release|Any CPU.Build.0 = Release|Any CPU
	EndGlobalSection
	GlobalSection(SolutionProperties) = preSolution
		HideSolutionNode = FALSE
	EndGlobalSection
	GlobalSection(ExtensibilityGlobals) = postSolution
		SolutionGuid = {D448C3F4-063B-4057-834D-E043E62F082F}
	EndGlobalSection
EndGlobal
